
Microsoft Visual Studio Solution File, Format Version 12.00
# Visual Studio Version 17
VisualStudioVersion = 17.4.33110.190
MinimumVisualStudioVersion = 10.0.40219.1
Project("{FAE04EC0-301F-11D3-BF4B-00C04F79EFBC}") = "OnlineCakeShop", "OnlineCakeShop.csproj", "{09E1C7F1-AC6B-49EB-BB3D-8E4F32A0EAD6}"
EndProject
Global
	GlobalSection(SolutionConfigurationPlatforms) = preSolution
		Debug|Any CPU = Debug|Any CPU
		Release|Any CPU = Release|Any CPU
	EndGlobalSection
	GlobalSection(ProjectConfigurationPlatforms) = postSolution
		{09E1C7F1-AC6B-49EB-BB3D-8E4F32A0EAD6}.Debug|Any CPU.ActiveCfg = Debug|Any CPU
		{09E1C7F1-AC6B-49EB-BB3D-8E4F32A0EAD6}.Debug|Any CPU.Build.0 = Debug|Any CPU
		{09E1C7F1-AC6B-49EB-BB3D-8E4F32A0EAD6}.Release|Any CPU.ActiveCfg = Release|Any CPU
		{09E1C7F1-AC6B-49EB-BB3D-8E4F32A0EAD6}.Release|Any CPU.Build.0 = Release|Any CPU
	EndGlobalSection
	GlobalSection(SolutionProperties) = preSolution
		HideSolutionNode = FALSE
	EndGlobalSection
	GlobalSection(ExtensibilityGlobals) = postSolution
		SolutionGuid = {5CDC50DD-5B4F-45BE-B359-821D4D77D22A}
	EndGlobalSection
EndGlobal
